// !$*UTF8*$!
{
	archiveVersion = 1;
	classes = {
	};
	objectVersion = 50;
	objects = {

/* Begin PBXBuildFile section */
		E4552C26245B8FDF008203BF /* AppDelegate.swift in Sources */ = {isa = PBXBuildFile; fileRef = E4552C25245B8FDF008203BF /* AppDelegate.swift */; };
		E4552C28245B8FDF008203BF /* SceneDelegate.swift in Sources */ = {isa = PBXBuildFile; fileRef = E4552C27245B8FDF008203BF /* SceneDelegate.swift */; };
		E4552C2A245B8FDF008203BF /* ChoiceView.swift in Sources */ = {isa = PBXBuildFile; fileRef = E4552C29245B8FDF008203BF /* ChoiceView.swift */; };
		E4552C2C245B8FE1008203BF /* Assets.xcassets in Resources */ = {isa = PBXBuildFile; fileRef = E4552C2B245B8FE1008203BF /* Assets.xcassets */; };
		E4552C2F245B8FE1008203BF /* Preview Assets.xcassets in Resources */ = {isa = PBXBuildFile; fileRef = E4552C2E245B8FE1008203BF /* Preview Assets.xcassets */; };
		E4552C32245B8FE1008203BF /* LaunchScreen.storyboard in Resources */ = {isa = PBXBuildFile; fileRef = E4552C30245B8FE1008203BF /* LaunchScreen.storyboard */; };
		E4552C3A245B9166008203BF /* ChoiceViewModel.swift in Sources */ = {isa = PBXBuildFile; fileRef = E4552C39245B9166008203BF /* ChoiceViewModel.swift */; };
		E4552C3C245B934D008203BF /* ChoiceCell.swift in Sources */ = {isa = PBXBuildFile; fileRef = E4552C3B245B934D008203BF /* ChoiceCell.swift */; };
		E458390C24700C500046BC6D /* TransitionWithBlur.swift in Sources */ = {isa = PBXBuildFile; fileRef = E458390B24700C500046BC6D /* TransitionWithBlur.swift */; };
		E48C59C724D36A2600FB8C99 /* BottomMenuView.swift in Sources */ = {isa = PBXBuildFile; fileRef = E48C59C624D36A2600FB8C99 /* BottomMenuView.swift */; };
		E499920A2469B5F800B9E7B9 /* SlideMenuView.swift in Sources */ = {isa = PBXBuildFile; fileRef = E49992092469B5F800B9E7B9 /* SlideMenuView.swift */; };
		E499920D2469C28500B9E7B9 /* CardView.swift in Sources */ = {isa = PBXBuildFile; fileRef = E499920C2469C28500B9E7B9 /* CardView.swift */; };
		E499920F2469C4D200B9E7B9 /* CardsCollection.swift in Sources */ = {isa = PBXBuildFile; fileRef = E499920E2469C4D200B9E7B9 /* CardsCollection.swift */; };
		E4A76D3224D20D3C00FF58CA /* MoveShapeView.swift in Sources */ = {isa = PBXBuildFile; fileRef = E4A76D3124D20D3C00FF58CA /* MoveShapeView.swift */; };
		E4A76D3524D20D5500FF58CA /* FloatingButtons.swift in Sources */ = {isa = PBXBuildFile; fileRef = E4A76D3424D20D5500FF58CA /* FloatingButtons.swift */; };
		E4A76D3824D20D6900FF58CA /* PopupView.swift in Sources */ = {isa = PBXBuildFile; fileRef = E4A76D3724D20D6900FF58CA /* PopupView.swift */; };
		E4A76D3A24D214AE00FF58CA /* MovingOffsetChallengeView.swift in Sources */ = {isa = PBXBuildFile; fileRef = E4A76D3924D214AE00FF58CA /* MovingOffsetChallengeView.swift */; };
		E4A76D3D24D21E5400FF58CA /* SimpleLoginView.swift in Sources */ = {isa = PBXBuildFile; fileRef = E4A76D3C24D21E5400FF58CA /* SimpleLoginView.swift */; };
		E4B8B1C8245C530B00F5CCB4 /* NeumorphicButtonsView.swift in Sources */ = {isa = PBXBuildFile; fileRef = E4B8B1C7245C530B00F5CCB4 /* NeumorphicButtonsView.swift */; };
		E4FA21C1247C9A2100C42893 /* ContextMenuView.swift in Sources */ = {isa = PBXBuildFile; fileRef = E4FA21C0247C9A2100C42893 /* ContextMenuView.swift */; };
/* End PBXBuildFile section */

/* Begin PBXFileReference section */
		E4552C22245B8FDF008203BF /* SwiftUIBasics.app */ = {isa = PBXFileReference; explicitFileType = wrapper.application; includeInIndex = 0; path = SwiftUIBasics.app; sourceTree = BUILT_PRODUCTS_DIR; };
		E4552C25245B8FDF008203BF /* AppDelegate.swift */ = {isa = PBXFileReference; lastKnownFileType = sourcecode.swift; path = AppDelegate.swift; sourceTree = "<group>"; };
		E4552C27245B8FDF008203BF /* SceneDelegate.swift */ = {isa = PBXFileReference; lastKnownFileType = sourcecode.swift; path = SceneDelegate.swift; sourceTree = "<group>"; };
		E4552C29245B8FDF008203BF /* ChoiceView.swift */ = {isa = PBXFileReference; lastKnownFileType = sourcecode.swift; path = ChoiceView.swift; sourceTree = "<group>"; };
		E4552C2B245B8FE1008203BF /* Assets.xcassets */ = {isa = PBXFileReference; lastKnownFileType = folder.assetcatalog; path = Assets.xcassets; sourceTree = "<group>"; };
		E4552C2E245B8FE1008203BF /* Preview Assets.xcassets */ = {isa = PBXFileReference; lastKnownFileType = folder.assetcatalog; path = "Preview Assets.xcassets"; sourceTree = "<group>"; };
		E4552C31245B8FE1008203BF /* Base */ = {isa = PBXFileReference; lastKnownFileType = file.storyboard; name = Base; path = Base.lproj/LaunchScreen.storyboard; sourceTree = "<group>"; };
		E4552C33245B8FE1008203BF /* Info.plist */ = {isa = PBXFileReference; lastKnownFileType = text.plist.xml; path = Info.plist; sourceTree = "<group>"; };
		E4552C39245B9166008203BF /* ChoiceViewModel.swift */ = {isa = PBXFileReference; lastKnownFileType = sourcecode.swift; path = ChoiceViewModel.swift; sourceTree = "<group>"; };
		E4552C3B245B934D008203BF /* ChoiceCell.swift */ = {isa = PBXFileReference; lastKnownFileType = sourcecode.swift; path = ChoiceCell.swift; sourceTree = "<group>"; };
		E458390B24700C500046BC6D /* TransitionWithBlur.swift */ = {isa = PBXFileReference; lastKnownFileType = sourcecode.swift; path = TransitionWithBlur.swift; sourceTree = "<group>"; };
		E48C59C624D36A2600FB8C99 /* BottomMenuView.swift */ = {isa = PBXFileReference; lastKnownFileType = sourcecode.swift; path = BottomMenuView.swift; sourceTree = "<group>"; };
		E49992092469B5F800B9E7B9 /* SlideMenuView.swift */ = {isa = PBXFileReference; lastKnownFileType = sourcecode.swift; path = SlideMenuView.swift; sourceTree = "<group>"; };
		E499920C2469C28500B9E7B9 /* CardView.swift */ = {isa = PBXFileReference; lastKnownFileType = sourcecode.swift; path = CardView.swift; sourceTree = "<group>"; };
		E499920E2469C4D200B9E7B9 /* CardsCollection.swift */ = {isa = PBXFileReference; lastKnownFileType = sourcecode.swift; path = CardsCollection.swift; sourceTree = "<group>"; };
		E4A76D3124D20D3C00FF58CA /* MoveShapeView.swift */ = {isa = PBXFileReference; fileEncoding = 4; lastKnownFileType = sourcecode.swift; path = MoveShapeView.swift; sourceTree = "<group>"; };
		E4A76D3424D20D5500FF58CA /* FloatingButtons.swift */ = {isa = PBXFileReference; fileEncoding = 4; lastKnownFileType = sourcecode.swift; path = FloatingButtons.swift; sourceTree = "<group>"; };
		E4A76D3724D20D6900FF58CA /* PopupView.swift */ = {isa = PBXFileReference; fileEncoding = 4; lastKnownFileType = sourcecode.swift; path = PopupView.swift; sourceTree = "<group>"; };
		E4A76D3924D214AE00FF58CA /* MovingOffsetChallengeView.swift */ = {isa = PBXFileReference; lastKnownFileType = sourcecode.swift; path = MovingOffsetChallengeView.swift; sourceTree = "<group>"; };
		E4A76D3C24D21E5400FF58CA /* SimpleLoginView.swift */ = {isa = PBXFileReference; lastKnownFileType = sourcecode.swift; path = SimpleLoginView.swift; sourceTree = "<group>"; };
		E4B8B1C7245C530B00F5CCB4 /* NeumorphicButtonsView.swift */ = {isa = PBXFileReference; lastKnownFileType = sourcecode.swift; path = NeumorphicButtonsView.swift; sourceTree = "<group>"; };
		E4FA21C0247C9A2100C42893 /* ContextMenuView.swift */ = {isa = PBXFileReference; lastKnownFileType = sourcecode.swift; path = ContextMenuView.swift; sourceTree = "<group>"; };
/* End PBXFileReference section */

/* Begin PBXFrameworksBuildPhase section */
		E4552C1F245B8FDF008203BF /* Frameworks */ = {
			isa = PBXFrameworksBuildPhase;
			buildActionMask = 2147483647;
			files = (
			);
			runOnlyForDeploymentPostprocessing = 0;
		};
/* End PBXFrameworksBuildPhase section */

/* Begin PBXGroup section */
		E4552C19245B8FDF008203BF = {
			isa = PBXGroup;
			children = (
				E4552C24245B8FDF008203BF /* SwiftUIBasics */,
				E4552C23245B8FDF008203BF /* Products */,
			);
			sourceTree = "<group>";
		};
		E4552C23245B8FDF008203BF /* Products */ = {
			isa = PBXGroup;
			children = (
				E4552C22245B8FDF008203BF /* SwiftUIBasics.app */,
			);
			name = Products;
			sourceTree = "<group>";
		};
		E4552C24245B8FDF008203BF /* SwiftUIBasics */ = {
			isa = PBXGroup;
			children = (
				E48C59C524D36A1000FB8C99 /* bottomMenu */,
				E4A76D3B24D21E4000FF58CA /* LoginView */,
				E4A76D3624D20D5D00FF58CA /* popupView */,
				E4A76D3324D20D4600FF58CA /* flotingButtons */,
				E4A76D3024D20D0300FF58CA /* movingOffset */,
				E4FA21BF247C9A0800C42893 /* contextMenu */,
				E4B8B1C9245C53B300F5CCB4 /* mainChoice */,
				E4B8B1C6245C52A600F5CCB4 /* neumorphicButton */,
				E49992082469B5CF00B9E7B9 /* slideMenu */,
				E499920B2469C25C00B9E7B9 /* gestureTransform */,
				E458390A24700C310046BC6D /* animationTransition */,
				E4552C25245B8FDF008203BF /* AppDelegate.swift */,
				E4552C27245B8FDF008203BF /* SceneDelegate.swift */,
				E4552C2B245B8FE1008203BF /* Assets.xcassets */,
				E4552C30245B8FE1008203BF /* LaunchScreen.storyboard */,
				E4552C33245B8FE1008203BF /* Info.plist */,
				E4552C2D245B8FE1008203BF /* Preview Content */,
			);
			path = SwiftUIBasics;
			sourceTree = "<group>";
		};
		E4552C2D245B8FE1008203BF /* Preview Content */ = {
			isa = PBXGroup;
			children = (
				E4552C2E245B8FE1008203BF /* Preview Assets.xcassets */,
			);
			path = "Preview Content";
			sourceTree = "<group>";
		};
		E458390A24700C310046BC6D /* animationTransition */ = {
			isa = PBXGroup;
			children = (
				E458390B24700C500046BC6D /* TransitionWithBlur.swift */,
			);
			path = animationTransition;
			sourceTree = "<group>";
		};
		E48C59C524D36A1000FB8C99 /* bottomMenu */ = {
			isa = PBXGroup;
			children = (
				E48C59C624D36A2600FB8C99 /* BottomMenuView.swift */,
			);
			path = bottomMenu;
			sourceTree = "<group>";
		};
		E49992082469B5CF00B9E7B9 /* slideMenu */ = {
			isa = PBXGroup;
			children = (
				E49992092469B5F800B9E7B9 /* SlideMenuView.swift */,
			);
			path = slideMenu;
			sourceTree = "<group>";
		};
		E499920B2469C25C00B9E7B9 /* gestureTransform */ = {
			isa = PBXGroup;
			children = (
				E499920C2469C28500B9E7B9 /* CardView.swift */,
				E499920E2469C4D200B9E7B9 /* CardsCollection.swift */,
			);
			path = gestureTransform;
			sourceTree = "<group>";
		};
		E4A76D3024D20D0300FF58CA /* movingOffset */ = {
			isa = PBXGroup;
			children = (
				E4A76D3124D20D3C00FF58CA /* MoveShapeView.swift */,
				E4A76D3924D214AE00FF58CA /* MovingOffsetChallengeView.swift */,
			);
			path = movingOffset;
			sourceTree = "<group>";
		};
		E4A76D3324D20D4600FF58CA /* flotingButtons */ = {
			isa = PBXGroup;
			children = (
				E4A76D3424D20D5500FF58CA /* FloatingButtons.swift */,
			);
			path = flotingButtons;
			sourceTree = "<group>";
		};
		E4A76D3624D20D5D00FF58CA /* popupView */ = {
			isa = PBXGroup;
			children = (
				E4A76D3724D20D6900FF58CA /* PopupView.swift */,
			);
			path = popupView;
			sourceTree = "<group>";
		};
		E4A76D3B24D21E4000FF58CA /* LoginView */ = {
			isa = PBXGroup;
			children = (
				E4A76D3C24D21E5400FF58CA /* SimpleLoginView.swift */,
			);
			path = LoginView;
			sourceTree = "<group>";
		};
		E4B8B1C6245C52A600F5CCB4 /* neumorphicButton */ = {
			isa = PBXGroup;
			children = (
				E4B8B1C7245C530B00F5CCB4 /* NeumorphicButtonsView.swift */,
			);
			path = neumorphicButton;
			sourceTree = "<group>";
		};
		E4B8B1C9245C53B300F5CCB4 /* mainChoice */ = {
			isa = PBXGroup;
			children = (
				E4552C29245B8FDF008203BF /* ChoiceView.swift */,
				E4552C3B245B934D008203BF /* ChoiceCell.swift */,
				E4552C39245B9166008203BF /* ChoiceViewModel.swift */,
			);
			path = mainChoice;
			sourceTree = "<group>";
		};
		E4FA21BF247C9A0800C42893 /* contextMenu */ = {
			isa = PBXGroup;
			children = (
				E4FA21C0247C9A2100C42893 /* ContextMenuView.swift */,
			);
			path = contextMenu;
			sourceTree = "<group>";
		};
/* End PBXGroup section */

/* Begin PBXNativeTarget section */
		E4552C21245B8FDF008203BF /* SwiftUIBasics */ = {
			isa = PBXNativeTarget;
			buildConfigurationList = E4552C36245B8FE1008203BF /* Build configuration list for PBXNativeTarget "SwiftUIBasics" */;
			buildPhases = (
				E4552C1E245B8FDF008203BF /* Sources */,
				E4552C1F245B8FDF008203BF /* Frameworks */,
				E4552C20245B8FDF008203BF /* Resources */,
			);
			buildRules = (
			);
			dependencies = (
			);
			name = SwiftUIBasics;
			productName = SwiftUIBasics;
			productReference = E4552C22245B8FDF008203BF /* SwiftUIBasics.app */;
			productType = "com.apple.product-type.application";
		};
/* End PBXNativeTarget section */

/* Begin PBXProject section */
		E4552C1A245B8FDF008203BF /* Project object */ = {
			isa = PBXProject;
			attributes = {
				LastSwiftUpdateCheck = 1140;
				LastUpgradeCheck = 1140;
				ORGANIZATIONNAME = "Adriano Song";
				TargetAttributes = {
					E4552C21245B8FDF008203BF = {
						CreatedOnToolsVersion = 11.4;
					};
				};
			};
			buildConfigurationList = E4552C1D245B8FDF008203BF /* Build configuration list for PBXProject "SwiftUIBasics" */;
			compatibilityVersion = "Xcode 9.3";
			developmentRegion = en;
			hasScannedForEncodings = 0;
			knownRegions = (
				en,
				Base,
			);
			mainGroup = E4552C19245B8FDF008203BF;
			productRefGroup = E4552C23245B8FDF008203BF /* Products */;
			projectDirPath = "";
			projectRoot = "";
			targets = (
				E4552C21245B8FDF008203BF /* SwiftUIBasics */,
			);
		};
/* End PBXProject section */

/* Begin PBXResourcesBuildPhase section */
		E4552C20245B8FDF008203BF /* Resources */ = {
			isa = PBXResourcesBuildPhase;
			buildActionMask = 2147483647;
			files = (
				E4552C32245B8FE1008203BF /* LaunchScreen.storyboard in Resources */,
				E4552C2F245B8FE1008203BF /* Preview Assets.xcassets in Resources */,
				E4552C2C245B8FE1008203BF /* Assets.xcassets in Resources */,
			);
			runOnlyForDeploymentPostprocessing = 0;
		};
/* End PBXResourcesBuildPhase section */

/* Begin PBXSourcesBuildPhase section */
		E4552C1E245B8FDF008203BF /* Sources */ = {
			isa = PBXSourcesBuildPhase;
			buildActionMask = 2147483647;
			files = (
				E4552C26245B8FDF008203BF /* AppDelegate.swift in Sources */,
				E4552C28245B8FDF008203BF /* SceneDelegate.swift in Sources */,
				E4552C2A245B8FDF008203BF /* ChoiceView.swift in Sources */,
				E458390C24700C500046BC6D /* TransitionWithBlur.swift in Sources */,
				E4552C3A245B9166008203BF /* ChoiceViewModel.swift in Sources */,
				E4A76D3224D20D3C00FF58CA /* MoveShapeView.swift in Sources */,
				E4FA21C1247C9A2100C42893 /* ContextMenuView.swift in Sources */,
				E48C59C724D36A2600FB8C99 /* BottomMenuView.swift in Sources */,
				E4A76D3824D20D6900FF58CA /* PopupView.swift in Sources */,
				E4552C3C245B934D008203BF /* ChoiceCell.swift in Sources */,
				E499920F2469C4D200B9E7B9 /* CardsCollection.swift in Sources */,
				E4B8B1C8245C530B00F5CCB4 /* NeumorphicButtonsView.swift in Sources */,
				E4A76D3524D20D5500FF58CA /* FloatingButtons.swift in Sources */,
				E4A76D3A24D214AE00FF58CA /* MovingOffsetChallengeView.swift in Sources */,
				E499920D2469C28500B9E7B9 /* CardView.swift in Sources */,
				E4A76D3D24D21E5400FF58CA /* SimpleLoginView.swift in Sources */,
				E499920A2469B5F800B9E7B9 /* SlideMenuView.swift in Sources */,
			);
			runOnlyForDeploymentPostprocessing = 0;
		};
/* End PBXSourcesBuildPhase section */

/* Begin PBXVariantGroup section */
		E4552C30245B8FE1008203BF /* LaunchScreen.storyboard */ = {
			isa = PBXVariantGroup;
			children = (
				E4552C31245B8FE1008203BF /* Base */,
			);
			name = LaunchScreen.storyboard;
			sourceTree = "<group>";
		};
/* End PBXVariantGroup section */

/* Begin XCBuildConfiguration section */
		E4552C34245B8FE1008203BF /* Debug */ = {
			isa = XCBuildConfiguration;
			buildSettings = {
				ALWAYS_SEARCH_USER_PATHS = NO;
				CLANG_ANALYZER_NONNULL = YES;
				CLANG_ANALYZER_NUMBER_OBJECT_CONVERSION = YES_AGGRESSIVE;
				CLANG_CXX_LANGUAGE_STANDARD = "gnu++14";
				CLANG_CXX_LIBRARY = "libc++";
				CLANG_ENABLE_MODULES = YES;
				CLANG_ENABLE_OBJC_ARC = YES;
				CLANG_ENABLE_OBJC_WEAK = YES;
				CLANG_WARN_BLOCK_CAPTURE_AUTORELEASING = YES;
				CLANG_WARN_BOOL_CONVERSION = YES;
				CLANG_WARN_COMMA = YES;
				CLANG_WARN_CONSTANT_CONVERSION = YES;
				CLANG_WARN_DEPRECATED_OBJC_IMPLEMENTATIONS = YES;
				CLANG_WARN_DIRECT_OBJC_ISA_USAGE = YES_ERROR;
				CLANG_WARN_DOCUMENTATION_COMMENTS = YES;
				CLANG_WARN_EMPTY_BODY = YES;
				CLANG_WARN_ENUM_CONVERSION = YES;
				CLANG_WARN_INFINITE_RECURSION = YES;
				CLANG_WARN_INT_CONVERSION = YES;
				CLANG_WARN_NON_LITERAL_NULL_CONVERSION = YES;
				CLANG_WARN_OBJC_IMPLICIT_RETAIN_SELF = YES;
				CLANG_WARN_OBJC_LITERAL_CONVERSION = YES;
				CLANG_WARN_OBJC_ROOT_CLASS = YES_ERROR;
				CLANG_WARN_RANGE_LOOP_ANALYSIS = YES;
				CLANG_WARN_STRICT_PROTOTYPES = YES;
				CLANG_WARN_SUSPICIOUS_MOVE = YES;
				CLANG_WARN_UNGUARDED_AVAILABILITY = YES_AGGRESSIVE;
				CLANG_WARN_UNREACHABLE_CODE = YES;
				CLANG_WARN__DUPLICATE_METHOD_MATCH = YES;
				COPY_PHASE_STRIP = NO;
				DEBUG_INFORMATION_FORMAT = dwarf;
				ENABLE_STRICT_OBJC_MSGSEND = YES;
				ENABLE_TESTABILITY = YES;
				GCC_C_LANGUAGE_STANDARD = gnu11;
				GCC_DYNAMIC_NO_PIC = NO;
				GCC_NO_COMMON_BLOCKS = YES;
				GCC_OPTIMIZATION_LEVEL = 0;
				GCC_PREPROCESSOR_DEFINITIONS = (
					"DEBUG=1",
					"$(inherited)",
				);
				GCC_WARN_64_TO_32_BIT_CONVERSION = YES;
				GCC_WARN_ABOUT_RETURN_TYPE = YES_ERROR;
				GCC_WARN_UNDECLARED_SELECTOR = YES;
				GCC_WARN_UNINITIALIZED_AUTOS = YES_AGGRESSIVE;
				GCC_WARN_UNUSED_FUNCTION = YES;
				GCC_WARN_UNUSED_VARIABLE = YES;
				IPHONEOS_DEPLOYMENT_TARGET = 13.4;
				MTL_ENABLE_DEBUG_INFO = INCLUDE_SOURCE;
				MTL_FAST_MATH = YES;
				ONLY_ACTIVE_ARCH = YES;
				SDKROOT = iphoneos;
				SWIFT_ACTIVE_COMPILATION_CONDITIONS = DEBUG;
				SWIFT_OPTIMIZATION_LEVEL = "-Onone";
			};
			name = Debug;
		};
		E4552C35245B8FE1008203BF /* Release */ = {
			isa = XCBuildConfiguration;
			buildSettings = {
				ALWAYS_SEARCH_USER_PATHS = NO;
				CLANG_ANALYZER_NONNULL = YES;
				CLANG_ANALYZER_NUMBER_OBJECT_CONVERSION = YES_AGGRESSIVE;
				CLANG_CXX_LANGUAGE_STANDARD = "gnu++14";
				CLANG_CXX_LIBRARY = "libc++";
				CLANG_ENABLE_MODULES = YES;
				CLANG_ENABLE_OBJC_ARC = YES;
				CLANG_ENABLE_OBJC_WEAK = YES;
				CLANG_WARN_BLOCK_CAPTURE_AUTORELEASING = YES;
				CLANG_WARN_BOOL_CONVERSION = YES;
				CLANG_WARN_COMMA = YES;
				CLANG_WARN_CONSTANT_CONVERSION = YES;
				CLANG_WARN_DEPRECATED_OBJC_IMPLEMENTATIONS = YES;
				CLANG_WARN_DIRECT_OBJC_ISA_USAGE = YES_ERROR;
				CLANG_WARN_DOCUMENTATION_COMMENTS = YES;
				CLANG_WARN_EMPTY_BODY = YES;
				CLANG_WARN_ENUM_CONVERSION = YES;
				CLANG_WARN_INFINITE_RECURSION = YES;
				CLANG_WARN_INT_CONVERSION = YES;
				CLANG_WARN_NON_LITERAL_NULL_CONVERSION = YES;
				CLANG_WARN_OBJC_IMPLICIT_RETAIN_SELF = YES;
				CLANG_WARN_OBJC_LITERAL_CONVERSION = YES;
				CLANG_WARN_OBJC_ROOT_CLASS = YES_ERROR;
				CLANG_WARN_RANGE_LOOP_ANALYSIS = YES;
				CLANG_WARN_STRICT_PROTOTYPES = YES;
				CLANG_WARN_SUSPICIOUS_MOVE = YES;
				CLANG_WARN_UNGUARDED_AVAILABILITY = YES_AGGRESSIVE;
				CLANG_WARN_UNREACHABLE_CODE = YES;
				CLANG_WARN__DUPLICATE_METHOD_MATCH = YES;
				COPY_PHASE_STRIP = NO;
				DEBUG_INFORMATION_FORMAT = "dwarf-with-dsym";
				ENABLE_NS_ASSERTIONS = NO;
				ENABLE_STRICT_OBJC_MSGSEND = YES;
				GCC_C_LANGUAGE_STANDARD = gnu11;
				GCC_NO_COMMON_BLOCKS = YES;
				GCC_WARN_64_TO_32_BIT_CONVERSION = YES;
				GCC_WARN_ABOUT_RETURN_TYPE = YES_ERROR;
				GCC_WARN_UNDECLARED_SELECTOR = YES;
				GCC_WARN_UNINITIALIZED_AUTOS = YES_AGGRESSIVE;
				GCC_WARN_UNUSED_FUNCTION = YES;
				GCC_WARN_UNUSED_VARIABLE = YES;
				IPHONEOS_DEPLOYMENT_TARGET = 13.4;
				MTL_ENABLE_DEBUG_INFO = NO;
				MTL_FAST_MATH = YES;
				SDKROOT = iphoneos;
				SWIFT_COMPILATION_MODE = wholemodule;
				SWIFT_OPTIMIZATION_LEVEL = "-O";
				VALIDATE_PRODUCT = YES;
			};
			name = Release;
		};
		E4552C37245B8FE1008203BF /* Debug */ = {
			isa = XCBuildConfiguration;
			buildSettings = {
				ASSETCATALOG_COMPILER_APPICON_NAME = AppIcon;
				CODE_SIGN_STYLE = Automatic;
				DEVELOPMENT_ASSET_PATHS = "\"SwiftUIBasics/Preview Content\"";
				DEVELOPMENT_TEAM = FSVJFG5LU6;
				ENABLE_PREVIEWS = YES;
				INFOPLIST_FILE = SwiftUIBasics/Info.plist;
				LD_RUNPATH_SEARCH_PATHS = (
					"$(inherited)",
					"@executable_path/Frameworks",
				);
				PRODUCT_BUNDLE_IDENTIFIER = br.com.song.SwiftUIBasics;
				PRODUCT_NAME = "$(TARGET_NAME)";
				SWIFT_VERSION = 5.0;
				TARGETED_DEVICE_FAMILY = "1,2";
			};
			name = Debug;
		};
		E4552C38245B8FE1008203BF /* Release */ = {
			isa = XCBuildConfiguration;
			buildSettings = {
				ASSETCATALOG_COMPILER_APPICON_NAME = AppIcon;
				CODE_SIGN_STYLE = Automatic;
				DEVELOPMENT_ASSET_PATHS = "\"SwiftUIBasics/Preview Content\"";
				DEVELOPMENT_TEAM = FSVJFG5LU6;
				ENABLE_PREVIEWS = YES;
				INFOPLIST_FILE = SwiftUIBasics/Info.plist;
				LD_RUNPATH_SEARCH_PATHS = (
					"$(inherited)",
					"@executable_path/Frameworks",
				);
				PRODUCT_BUNDLE_IDENTIFIER = br.com.song.SwiftUIBasics;
				PRODUCT_NAME = "$(TARGET_NAME)";
				SWIFT_VERSION = 5.0;
				TARGETED_DEVICE_FAMILY = "1,2";
			};
			name = Release;
		};
/* End XCBuildConfiguration section */

/* Begin XCConfigurationList section */
		E4552C1D245B8FDF008203BF /* Build configuration list for PBXProject "SwiftUIBasics" */ = {
			isa = XCConfigurationList;
			buildConfigurations = (
				E4552C34245B8FE1008203BF /* Debug */,
				E4552C35245B8FE1008203BF /* Release */,
			);
			defaultConfigurationIsVisible = 0;
			defaultConfigurationName = Release;
		};
		E4552C36245B8FE1008203BF /* Build configuration list for PBXNativeTarget "SwiftUIBasics" */ = {
			isa = XCConfigurationList;
			buildConfigurations = (
				E4552C37245B8FE1008203BF /* Debug */,
				E4552C38245B8FE1008203BF /* Release */,
			);
			defaultConfigurationIsVisible = 0;
			defaultConfigurationName = Release;
		};
/* End XCConfigurationList section */
	};
	rootObject = E4552C1A245B8FDF008203BF /* Project object */;
}
